
Microsoft Visual Studio Solution File, Format Version 12.00
# Visual Studio 14
VisualStudioVersion = 14.0.25420.1
MinimumVisualStudioVersion = 10.0.40219.1
Project("{FAE04EC0-301F-11D3-BF4B-00C04F79EFBC}") = "Controls", "Controls\Controls.csproj", "{5439FC8D-AB96-48A4-9723-00E3BE531A05}"
EndProject
Project("{FAE04EC0-301F-11D3-BF4B-00C04F79EFBC}") = "ControlGenerator", "ControlGenerator\ControlGenerator.csproj", "{006CF4E3-5354-44A2-9F1E-1423AD734B12}"
EndProject
Project("{FAE04EC0-301F-11D3-BF4B-00C04F79EFBC}") = "BindingProject", "BindingProject\BindingProject.csproj", "{2909EFCF-63DD-4DDD-804A-37F0C84370A2}"
EndProject
Project("{FAE04EC0-301F-11D3-BF4B-00C04F79EFBC}") = "ListOfObjects", "ListOfObjects\ListOfObjects.csproj", "{9B36AC19-C320-4DBE-8F7C-4D041A8DA263}"
EndProject
Global
	GlobalSection(SolutionConfigurationPlatforms) = preSolution
		Debug|ARM = Debug|ARM
		Debug|x64 = Debug|x64
		Debug|x86 = Debug|x86
		Release|ARM = Release|ARM
		Release|x64 = Release|x64
		Release|x86 = Release|x86
	EndGlobalSection
	GlobalSection(ProjectConfigurationPlatforms) = postSolution
		{5439FC8D-AB96-48A4-9723-00E3BE531A05}.Debug|ARM.ActiveCfg = Debug|ARM
		{5439FC8D-AB96-48A4-9723-00E3BE531A05}.Debug|ARM.Build.0 = Debug|ARM
		{5439FC8D-AB96-48A4-9723-00E3BE531A05}.Debug|ARM.Deploy.0 = Debug|ARM
		{5439FC8D-AB96-48A4-9723-00E3BE531A05}.Debug|x64.ActiveCfg = Debug|x64
		{5439FC8D-AB96-48A4-9723-00E3BE531A05}.Debug|x64.Build.0 = Debug|x64
		{5439FC8D-AB96-48A4-9723-00E3BE531A05}.Debug|x64.Deploy.0 = Debug|x64
		{5439FC8D-AB96-48A4-9723-00E3BE531A05}.Debug|x86.ActiveCfg = Debug|x86
		{5439FC8D-AB96-48A4-9723-00E3BE531A05}.Debug|x86.Build.0 = Debug|x86
		{5439FC8D-AB96-48A4-9723-00E3BE531A05}.Debug|x86.Deploy.0 = Debug|x86
		{5439FC8D-AB96-48A4-9723-00E3BE531A05}.Release|ARM.ActiveCfg = Release|ARM
		{5439FC8D-AB96-48A4-9723-00E3BE531A05}.Release|ARM.Build.0 = Release|ARM
		{5439FC8D-AB96-48A4-9723-00E3BE531A05}.Release|ARM.Deploy.0 = Release|ARM
		{5439FC8D-AB96-48A4-9723-00E3BE531A05}.Release|x64.ActiveCfg = Release|x64
		{5439FC8D-AB96-48A4-9723-00E3BE531A05}.Release|x64.Build.0 = Release|x64
		{5439FC8D-AB96-48A4-9723-00E3BE531A05}.Release|x64.Deploy.0 = Release|x64
		{5439FC8D-AB96-48A4-9723-00E3BE531A05}.Release|x86.ActiveCfg = Release|x86
		{5439FC8D-AB96-48A4-9723-00E3BE531A05}.Release|x86.Build.0 = Release|x86
		{5439FC8D-AB96-48A4-9723-00E3BE531A05}.Release|x86.Deploy.0 = Release|x86
		{006CF4E3-5354-44A2-9F1E-1423AD734B12}.Debug|ARM.ActiveCfg = Debug|ARM
		{006CF4E3-5354-44A2-9F1E-1423AD734B12}.Debug|ARM.Build.0 = Debug|ARM
		{006CF4E3-5354-44A2-9F1E-1423AD734B12}.Debug|ARM.Deploy.0 = Debug|ARM
		{006CF4E3-5354-44A2-9F1E-1423AD734B12}.Debug|x64.ActiveCfg = Debug|x64
		{006CF4E3-5354-44A2-9F1E-1423AD734B12}.Debug|x64.Build.0 = Debug|x64
		{006CF4E3-5354-44A2-9F1E-1423AD734B12}.Debug|x64.Deploy.0 = Debug|x64
		{006CF4E3-5354-44A2-9F1E-1423AD734B12}.Debug|x86.ActiveCfg = Debug|x86
		{006CF4E3-5354-44A2-9F1E-1423AD734B12}.Debug|x86.Build.0 = Debug|x86
		{006CF4E3-5354-44A2-9F1E-1423AD734B12}.Debug|x86.Deploy.0 = Debug|x86
		{006CF4E3-5354-44A2-9F1E-1423AD734B12}.Release|ARM.ActiveCfg = Release|ARM
		{006CF4E3-5354-44A2-9F1E-1423AD734B12}.Release|ARM.Build.0 = Release|ARM
		{006CF4E3-5354-44A2-9F1E-1423AD734B12}.Release|ARM.Deploy.0 = Release|ARM
		{006CF4E3-5354-44A2-9F1E-1423AD734B12}.Release|x64.ActiveCfg = Release|x64
		{006CF4E3-5354-44A2-9F1E-1423AD734B12}.Release|x64.Build.0 = Release|x64
		{006CF4E3-5354-44A2-9F1E-1423AD734B12}.Release|x64.Deploy.0 = Release|x64
		{006CF4E3-5354-44A2-9F1E-1423AD734B12}.Release|x86.ActiveCfg = Release|x86
		{006CF4E3-5354-44A2-9F1E-1423AD734B12}.Release|x86.Build.0 = Release|x86
		{006CF4E3-5354-44A2-9F1E-1423AD734B12}.Release|x86.Deploy.0 = Release|x86
		{2909EFCF-63DD-4DDD-804A-37F0C84370A2}.Debug|ARM.ActiveCfg = Debug|ARM
		{2909EFCF-63DD-4DDD-804A-37F0C84370A2}.Debug|ARM.Build.0 = Debug|ARM
		{2909EFCF-63DD-4DDD-804A-37F0C84370A2}.Debug|ARM.Deploy.0 = Debug|ARM
		{2909EFCF-63DD-4DDD-804A-37F0C84370A2}.Debug|x64.ActiveCfg = Debug|x64
		{2909EFCF-63DD-4DDD-804A-37F0C84370A2}.Debug|x64.Build.0 = Debug|x64
		{2909EFCF-63DD-4DDD-804A-37F0C84370A2}.Debug|x64.Deploy.0 = Debug|x64
		{2909EFCF-63DD-4DDD-804A-37F0C84370A2}.Debug|x86.ActiveCfg = Debug|x86
		{2909EFCF-63DD-4DDD-804A-37F0C84370A2}.Debug|x86.Build.0 = Debug|x86
		{2909EFCF-63DD-4DDD-804A-37F0C84370A2}.Debug|x86.Deploy.0 = Debug|x86
		{2909EFCF-63DD-4DDD-804A-37F0C84370A2}.Release|ARM.ActiveCfg = Release|ARM
		{2909EFCF-63DD-4DDD-804A-37F0C84370A2}.Release|ARM.Build.0 = Release|ARM
		{2909EFCF-63DD-4DDD-804A-37F0C84370A2}.Release|ARM.Deploy.0 = Release|ARM
		{2909EFCF-63DD-4DDD-804A-37F0C84370A2}.Release|x64.ActiveCfg = Release|x64
		{2909EFCF-63DD-4DDD-804A-37F0C84370A2}.Release|x64.Build.0 = Release|x64
		{2909EFCF-63DD-4DDD-804A-37F0C84370A2}.Release|x64.Deploy.0 = Release|x64
		{2909EFCF-63DD-4DDD-804A-37F0C84370A2}.Release|x86.ActiveCfg = Release|x86
		{2909EFCF-63DD-4DDD-804A-37F0C84370A2}.Release|x86.Build.0 = Release|x86
		{2909EFCF-63DD-4DDD-804A-37F0C84370A2}.Release|x86.Deploy.0 = Release|x86
		{9B36AC19-C320-4DBE-8F7C-4D041A8DA263}.Debug|ARM.ActiveCfg = Debug|ARM
		{9B36AC19-C320-4DBE-8F7C-4D041A8DA263}.Debug|ARM.Build.0 = Debug|ARM
		{9B36AC19-C320-4DBE-8F7C-4D041A8DA263}.Debug|ARM.Deploy.0 = Debug|ARM
		{9B36AC19-C320-4DBE-8F7C-4D041A8DA263}.Debug|x64.ActiveCfg = Debug|x64
		{9B36AC19-C320-4DBE-8F7C-4D041A8DA263}.Debug|x64.Build.0 = Debug|x64
		{9B36AC19-C320-4DBE-8F7C-4D041A8DA263}.Debug|x64.Deploy.0 = Debug|x64
		{9B36AC19-C320-4DBE-8F7C-4D041A8DA263}.Debug|x86.ActiveCfg = Debug|x86
		{9B36AC19-C320-4DBE-8F7C-4D041A8DA263}.Debug|x86.Build.0 = Debug|x86
		{9B36AC19-C320-4DBE-8F7C-4D041A8DA263}.Debug|x86.Deploy.0 = Debug|x86
		{9B36AC19-C320-4DBE-8F7C-4D041A8DA263}.Release|ARM.ActiveCfg = Release|ARM
		{9B36AC19-C320-4DBE-8F7C-4D041A8DA263}.Release|ARM.Build.0 = Release|ARM
		{9B36AC19-C320-4DBE-8F7C-4D041A8DA263}.Release|ARM.Deploy.0 = Release|ARM
		{9B36AC19-C320-4DBE-8F7C-4D041A8DA263}.Release|x64.ActiveCfg = Release|x64
		{9B36AC19-C320-4DBE-8F7C-4D041A8DA263}.Release|x64.Build.0 = Release|x64
		{9B36AC19-C320-4DBE-8F7C-4D041A8DA263}.Release|x64.Deploy.0 = Release|x64
		{9B36AC19-C320-4DBE-8F7C-4D041A8DA263}.Release|x86.ActiveCfg = Release|x86
		{9B36AC19-C320-4DBE-8F7C-4D041A8DA263}.Release|x86.Build.0 = Release|x86
		{9B36AC19-C320-4DBE-8F7C-4D041A8DA263}.Release|x86.Deploy.0 = Release|x86
	EndGlobalSection
	GlobalSection(SolutionProperties) = preSolution
		HideSolutionNode = FALSE
	EndGlobalSection
EndGlobal
